
Microsoft Visual Studio Solution File, Format Version 12.00
# Visual Studio 15
VisualStudioVersion = 15.0.27130.2036
MinimumVisualStudioVersion = 10.0.40219.1
Project("{9A19103F-16F7-4668-BE54-9A1E7A4F7556}") = "PartsUnlimited.Models", "PartsUnlimited.Models.csproj", "{3AE4CA85-BBAC-467D-92E6-2B8207C70CBD}"
EndProject
Global
	GlobalSection(SolutionConfigurationPlatforms) = preSolution
		Debug|Any CPU = Debug|Any CPU
		Release|Any CPU = Release|Any CPU
	EndGlobalSection
	GlobalSection(ProjectConfigurationPlatforms) = postSolution
		{3AE4CA85-BBAC-467D-92E6-2B8207C70CBD}.Debug|Any CPU.ActiveCfg = Debug|Any CPU
		{3AE4CA85-BBAC-467D-92E6-2B8207C70CBD}.Debug|Any CPU.Build.0 = Debug|Any CPU
		{3AE4CA85-BBAC-467D-92E6-2B8207C70CBD}.Release|Any CPU.ActiveCfg = Release|Any CPU
		{3AE4CA85-BBAC-467D-92E6-2B8207C70CBD}.Release|Any CPU.Build.0 = Release|Any CPU
	EndGlobalSection
	GlobalSection(SolutionProperties) = preSolution
		HideSolutionNode = FALSE
	EndGlobalSection
	GlobalSection(ExtensibilityGlobals) = postSolution
		SolutionGuid = {64BA34D5-1A01-4B39-9E92-D925AD733C99}
	EndGlobalSection
EndGlobal
